
Microsoft Visual Studio Solution File, Format Version 12.00
# Visual Studio Version 17
VisualStudioVersion = 17.13.35913.81 d17.13
MinimumVisualStudioVersion = 10.0.40219.1
Project("{FAE04EC0-301F-11D3-BF4B-00C04F79EFBC}") = "C#Prototype", "C#Prototype\C#Prototype.csproj", "{9E977156-3ABB-4342-AA6A-6191C317820E}"
EndProject
Global
	GlobalSection(SolutionConfigurationPlatforms) = preSolution
		Debug|Any CPU = Debug|Any CPU
		Release|Any CPU = Release|Any CPU
	EndGlobalSection
	GlobalSection(ProjectConfigurationPlatforms) = postSolution
		{9E977156-3ABB-4342-AA6A-6191C317820E}.Debug|Any CPU.ActiveCfg = Debug|Any CPU
		{9E977156-3ABB-4342-AA6A-6191C317820E}.Debug|Any CPU.Build.0 = Debug|Any CPU
		{9E977156-3ABB-4342-AA6A-6191C317820E}.Release|Any CPU.ActiveCfg = Release|Any CPU
		{9E977156-3ABB-4342-AA6A-6191C317820E}.Release|Any CPU.Build.0 = Release|Any CPU
	EndGlobalSection
	GlobalSection(SolutionProperties) = preSolution
		HideSolutionNode = FALSE
	EndGlobalSection
	GlobalSection(ExtensibilityGlobals) = postSolution
		SolutionGuid = {D519C9BC-74F5-4A31-9162-8FDE67AFDFB1}
	EndGlobalSection
EndGlobal
